
Microsoft Visual Studio Solution File, Format Version 12.00
# Visual Studio Version 17
VisualStudioVersion = 17.7.34031.279
MinimumVisualStudioVersion = 10.0.40219.1
Project("{FAE04EC0-301F-11D3-BF4B-00C04F79EFBC}") = "AirlineManagementSystem", "AirlineManagementSystem\AirlineManagementSystem.csproj", "{7D11AD21-F8FB-40C3-B371-75FA123C51C3}"
EndProject
Global
	GlobalSection(SolutionConfigurationPlatforms) = preSolution
		Debug|Any CPU = Debug|Any CPU
		Release|Any CPU = Release|Any CPU
	EndGlobalSection
	GlobalSection(ProjectConfigurationPlatforms) = postSolution
		{7D11AD21-F8FB-40C3-B371-75FA123C51C3}.Debug|Any CPU.ActiveCfg = Debug|Any CPU
		{7D11AD21-F8FB-40C3-B371-75FA123C51C3}.Debug|Any CPU.Build.0 = Debug|Any CPU
		{7D11AD21-F8FB-40C3-B371-75FA123C51C3}.Release|Any CPU.ActiveCfg = Release|Any CPU
		{7D11AD21-F8FB-40C3-B371-75FA123C51C3}.Release|Any CPU.Build.0 = Release|Any CPU
	EndGlobalSection
	GlobalSection(SolutionProperties) = preSolution
		HideSolutionNode = FALSE
	EndGlobalSection
	GlobalSection(ExtensibilityGlobals) = postSolution
		SolutionGuid = {9D336EA1-9E64-4883-AD19-A2FC79EDC664}
	EndGlobalSection
EndGlobal
